// !$*UTF8*$!
{
	archiveVersion = 1;
	classes = {
	};
	objectVersion = 56;
	objects = {

/* Begin PBXBuildFile section */
		161705522BCC4774009EF29B /* RMOrigin.swift in Sources */ = {isa = PBXBuildFile; fileRef = 161705512BCC4774009EF29B /* RMOrigin.swift */; };
		161705542BCC4873009EF29B /* RMSingleLocation.swift in Sources */ = {isa = PBXBuildFile; fileRef = 161705532BCC4873009EF29B /* RMSingleLocation.swift */; };
		161705562BCC5110009EF29B /* RMCharacterStatus.swift in Sources */ = {isa = PBXBuildFile; fileRef = 161705552BCC5110009EF29B /* RMCharacterStatus.swift */; };
		161705582BCC51AD009EF29B /* RMCharacterGender.swift in Sources */ = {isa = PBXBuildFile; fileRef = 161705572BCC51AD009EF29B /* RMCharacterGender.swift */; };
		161E4FCC2BCC3B9B006F3AD8 /* RMService.swift in Sources */ = {isa = PBXBuildFile; fileRef = 161E4FCB2BCC3B9B006F3AD8 /* RMService.swift */; };
		161E4FCE2BCC3BAA006F3AD8 /* RMRequest.swift in Sources */ = {isa = PBXBuildFile; fileRef = 161E4FCD2BCC3BAA006F3AD8 /* RMRequest.swift */; };
		161E4FD02BCC3C69006F3AD8 /* RMEndpoint.swift in Sources */ = {isa = PBXBuildFile; fileRef = 161E4FCF2BCC3C69006F3AD8 /* RMEndpoint.swift */; };
		1646CF5D2BCC12C300E1B0C6 /* AppDelegate.swift in Sources */ = {isa = PBXBuildFile; fileRef = 1646CF5C2BCC12C300E1B0C6 /* AppDelegate.swift */; };
		1646CF5F2BCC12C300E1B0C6 /* SceneDelegate.swift in Sources */ = {isa = PBXBuildFile; fileRef = 1646CF5E2BCC12C300E1B0C6 /* SceneDelegate.swift */; };
		1646CF612BCC12C300E1B0C6 /* RMTabViewController.swift in Sources */ = {isa = PBXBuildFile; fileRef = 1646CF602BCC12C300E1B0C6 /* RMTabViewController.swift */; };
		1646CF642BCC12C300E1B0C6 /* Base in Resources */ = {isa = PBXBuildFile; fileRef = 1646CF632BCC12C300E1B0C6 /* Base */; };
		1646CF662BCC12C500E1B0C6 /* Assets.xcassets in Resources */ = {isa = PBXBuildFile; fileRef = 1646CF652BCC12C500E1B0C6 /* Assets.xcassets */; };
		1646CF692BCC12C500E1B0C6 /* Base in Resources */ = {isa = PBXBuildFile; fileRef = 1646CF682BCC12C500E1B0C6 /* Base */; };
		1646CF742BCC12C500E1B0C6 /* RickAndMortyTests.swift in Sources */ = {isa = PBXBuildFile; fileRef = 1646CF732BCC12C500E1B0C6 /* RickAndMortyTests.swift */; };
		1646CF7E2BCC12C500E1B0C6 /* RickAndMortyUITests.swift in Sources */ = {isa = PBXBuildFile; fileRef = 1646CF7D2BCC12C500E1B0C6 /* RickAndMortyUITests.swift */; };
		1646CF802BCC12C500E1B0C6 /* RickAndMortyUITestsLaunchTests.swift in Sources */ = {isa = PBXBuildFile; fileRef = 1646CF7F2BCC12C500E1B0C6 /* RickAndMortyUITestsLaunchTests.swift */; };
		1646CF952BCC16FF00E1B0C6 /* RMLocation.swift in Sources */ = {isa = PBXBuildFile; fileRef = 1646CF942BCC16FF00E1B0C6 /* RMLocation.swift */; };
		1646CF972BCC170C00E1B0C6 /* RMCharacter.swift in Sources */ = {isa = PBXBuildFile; fileRef = 1646CF962BCC170C00E1B0C6 /* RMCharacter.swift */; };
		1646CF992BCC172000E1B0C6 /* RMEpisode.swift in Sources */ = {isa = PBXBuildFile; fileRef = 1646CF982BCC172000E1B0C6 /* RMEpisode.swift */; };
		1646CF9C2BCC17A700E1B0C6 /* RMCharacterViewController.swift in Sources */ = {isa = PBXBuildFile; fileRef = 1646CF9B2BCC17A700E1B0C6 /* RMCharacterViewController.swift */; };
		1646CF9E2BCC17E400E1B0C6 /* RMLocationViewController.swift in Sources */ = {isa = PBXBuildFile; fileRef = 1646CF9D2BCC17E400E1B0C6 /* RMLocationViewController.swift */; };
		1646CFA02BCC17EE00E1B0C6 /* RMEpisodeViewController.swift in Sources */ = {isa = PBXBuildFile; fileRef = 1646CF9F2BCC17EE00E1B0C6 /* RMEpisodeViewController.swift */; };
		1646CFA22BCC17FB00E1B0C6 /* RMSettingsViewController.swift in Sources */ = {isa = PBXBuildFile; fileRef = 1646CFA12BCC17FB00E1B0C6 /* RMSettingsViewController.swift */; };
/* End PBXBuildFile section */

/* Begin PBXContainerItemProxy section */
		1646CF702BCC12C500E1B0C6 /* PBXContainerItemProxy */ = {
			isa = PBXContainerItemProxy;
			containerPortal = 1646CF512BCC12C300E1B0C6 /* Project object */;
			proxyType = 1;
			remoteGlobalIDString = 1646CF582BCC12C300E1B0C6;
			remoteInfo = RickAndMorty;
		};
		1646CF7A2BCC12C500E1B0C6 /* PBXContainerItemProxy */ = {
			isa = PBXContainerItemProxy;
			containerPortal = 1646CF512BCC12C300E1B0C6 /* Project object */;
			proxyType = 1;
			remoteGlobalIDString = 1646CF582BCC12C300E1B0C6;
			remoteInfo = RickAndMorty;
		};
/* End PBXContainerItemProxy section */

/* Begin PBXFileReference section */
		161705512BCC4774009EF29B /* RMOrigin.swift */ = {isa = PBXFileReference; lastKnownFileType = sourcecode.swift; path = RMOrigin.swift; sourceTree = "<group>"; };
		161705532BCC4873009EF29B /* RMSingleLocation.swift */ = {isa = PBXFileReference; lastKnownFileType = sourcecode.swift; path = RMSingleLocation.swift; sourceTree = "<group>"; };
		161705552BCC5110009EF29B /* RMCharacterStatus.swift */ = {isa = PBXFileReference; lastKnownFileType = sourcecode.swift; path = RMCharacterStatus.swift; sourceTree = "<group>"; };
		161705572BCC51AD009EF29B /* RMCharacterGender.swift */ = {isa = PBXFileReference; lastKnownFileType = sourcecode.swift; path = RMCharacterGender.swift; sourceTree = "<group>"; };
		161E4FCB2BCC3B9B006F3AD8 /* RMService.swift */ = {isa = PBXFileReference; lastKnownFileType = sourcecode.swift; path = RMService.swift; sourceTree = "<group>"; };
		161E4FCD2BCC3BAA006F3AD8 /* RMRequest.swift */ = {isa = PBXFileReference; lastKnownFileType = sourcecode.swift; path = RMRequest.swift; sourceTree = "<group>"; };
		161E4FCF2BCC3C69006F3AD8 /* RMEndpoint.swift */ = {isa = PBXFileReference; lastKnownFileType = sourcecode.swift; path = RMEndpoint.swift; sourceTree = "<group>"; };
		1646CF592BCC12C300E1B0C6 /* RickAndMorty.app */ = {isa = PBXFileReference; explicitFileType = wrapper.application; includeInIndex = 0; path = RickAndMorty.app; sourceTree = BUILT_PRODUCTS_DIR; };
		1646CF5C2BCC12C300E1B0C6 /* AppDelegate.swift */ = {isa = PBXFileReference; lastKnownFileType = sourcecode.swift; path = AppDelegate.swift; sourceTree = "<group>"; };
		1646CF5E2BCC12C300E1B0C6 /* SceneDelegate.swift */ = {isa = PBXFileReference; lastKnownFileType = sourcecode.swift; path = SceneDelegate.swift; sourceTree = "<group>"; };
		1646CF602BCC12C300E1B0C6 /* RMTabViewController.swift */ = {isa = PBXFileReference; lastKnownFileType = sourcecode.swift; path = RMTabViewController.swift; sourceTree = "<group>"; };
		1646CF632BCC12C300E1B0C6 /* Base */ = {isa = PBXFileReference; lastKnownFileType = file.storyboard; name = Base; path = Base.lproj/Main.storyboard; sourceTree = "<group>"; };
		1646CF652BCC12C500E1B0C6 /* Assets.xcassets */ = {isa = PBXFileReference; lastKnownFileType = folder.assetcatalog; path = Assets.xcassets; sourceTree = "<group>"; };
		1646CF682BCC12C500E1B0C6 /* Base */ = {isa = PBXFileReference; lastKnownFileType = file.storyboard; name = Base; path = Base.lproj/LaunchScreen.storyboard; sourceTree = "<group>"; };
		1646CF6A2BCC12C500E1B0C6 /* Info.plist */ = {isa = PBXFileReference; lastKnownFileType = text.plist.xml; path = Info.plist; sourceTree = "<group>"; };
		1646CF6F2BCC12C500E1B0C6 /* RickAndMortyTests.xctest */ = {isa = PBXFileReference; explicitFileType = wrapper.cfbundle; includeInIndex = 0; path = RickAndMortyTests.xctest; sourceTree = BUILT_PRODUCTS_DIR; };
		1646CF732BCC12C500E1B0C6 /* RickAndMortyTests.swift */ = {isa = PBXFileReference; lastKnownFileType = sourcecode.swift; path = RickAndMortyTests.swift; sourceTree = "<group>"; };
		1646CF792BCC12C500E1B0C6 /* RickAndMortyUITests.xctest */ = {isa = PBXFileReference; explicitFileType = wrapper.cfbundle; includeInIndex = 0; path = RickAndMortyUITests.xctest; sourceTree = BUILT_PRODUCTS_DIR; };
		1646CF7D2BCC12C500E1B0C6 /* RickAndMortyUITests.swift */ = {isa = PBXFileReference; lastKnownFileType = sourcecode.swift; path = RickAndMortyUITests.swift; sourceTree = "<group>"; };
		1646CF7F2BCC12C500E1B0C6 /* RickAndMortyUITestsLaunchTests.swift */ = {isa = PBXFileReference; lastKnownFileType = sourcecode.swift; path = RickAndMortyUITestsLaunchTests.swift; sourceTree = "<group>"; };
		1646CF942BCC16FF00E1B0C6 /* RMLocation.swift */ = {isa = PBXFileReference; lastKnownFileType = sourcecode.swift; path = RMLocation.swift; sourceTree = "<group>"; };
		1646CF962BCC170C00E1B0C6 /* RMCharacter.swift */ = {isa = PBXFileReference; lastKnownFileType = sourcecode.swift; path = RMCharacter.swift; sourceTree = "<group>"; };
		1646CF982BCC172000E1B0C6 /* RMEpisode.swift */ = {isa = PBXFileReference; lastKnownFileType = sourcecode.swift; path = RMEpisode.swift; sourceTree = "<group>"; };
		1646CF9B2BCC17A700E1B0C6 /* RMCharacterViewController.swift */ = {isa = PBXFileReference; lastKnownFileType = sourcecode.swift; path = RMCharacterViewController.swift; sourceTree = "<group>"; };
		1646CF9D2BCC17E400E1B0C6 /* RMLocationViewController.swift */ = {isa = PBXFileReference; lastKnownFileType = sourcecode.swift; path = RMLocationViewController.swift; sourceTree = "<group>"; };
		1646CF9F2BCC17EE00E1B0C6 /* RMEpisodeViewController.swift */ = {isa = PBXFileReference; lastKnownFileType = sourcecode.swift; path = RMEpisodeViewController.swift; sourceTree = "<group>"; };
		1646CFA12BCC17FB00E1B0C6 /* RMSettingsViewController.swift */ = {isa = PBXFileReference; lastKnownFileType = sourcecode.swift; path = RMSettingsViewController.swift; sourceTree = "<group>"; };
/* End PBXFileReference section */

/* Begin PBXFrameworksBuildPhase section */
		1646CF562BCC12C300E1B0C6 /* Frameworks */ = {
			isa = PBXFrameworksBuildPhase;
			buildActionMask = 2147483647;
			files = (
			);
			runOnlyForDeploymentPostprocessing = 0;
		};
		1646CF6C2BCC12C500E1B0C6 /* Frameworks */ = {
			isa = PBXFrameworksBuildPhase;
			buildActionMask = 2147483647;
			files = (
			);
			runOnlyForDeploymentPostprocessing = 0;
		};
		1646CF762BCC12C500E1B0C6 /* Frameworks */ = {
			isa = PBXFrameworksBuildPhase;
			buildActionMask = 2147483647;
			files = (
			);
			runOnlyForDeploymentPostprocessing = 0;
		};
/* End PBXFrameworksBuildPhase section */

/* Begin PBXGroup section */
		1646CF502BCC12C300E1B0C6 = {
			isa = PBXGroup;
			children = (
				1646CF5B2BCC12C300E1B0C6 /* RickAndMorty */,
				1646CF722BCC12C500E1B0C6 /* RickAndMortyTests */,
				1646CF7C2BCC12C500E1B0C6 /* RickAndMortyUITests */,
				1646CF5A2BCC12C300E1B0C6 /* Products */,
			);
			sourceTree = "<group>";
		};
		1646CF5A2BCC12C300E1B0C6 /* Products */ = {
			isa = PBXGroup;
			children = (
				1646CF592BCC12C300E1B0C6 /* RickAndMorty.app */,
				1646CF6F2BCC12C500E1B0C6 /* RickAndMortyTests.xctest */,
				1646CF792BCC12C500E1B0C6 /* RickAndMortyUITests.xctest */,
			);
			name = Products;
			sourceTree = "<group>";
		};
		1646CF5B2BCC12C300E1B0C6 /* RickAndMorty */ = {
			isa = PBXGroup;
			children = (
				1646CF932BCC161200E1B0C6 /* Resources */,
				1646CF922BCC160900E1B0C6 /*  Managers */,
				1646CF912BCC15FE00E1B0C6 /* APIClients */,
				1646CF902BCC15EC00E1B0C6 /* ViewModels */,
				1646CF8F2BCC15DD00E1B0C6 /* Models */,
				1646CF8E2BCC15D500E1B0C6 /* Views */,
				1646CF8C2BCC15B800E1B0C6 /* Controllers */,
				1646CF6A2BCC12C500E1B0C6 /* Info.plist */,
				1646CF622BCC12C300E1B0C6 /* Main.storyboard */,
			);
			path = RickAndMorty;
			sourceTree = "<group>";
		};
		1646CF722BCC12C500E1B0C6 /* RickAndMortyTests */ = {
			isa = PBXGroup;
			children = (
				1646CF732BCC12C500E1B0C6 /* RickAndMortyTests.swift */,
			);
			path = RickAndMortyTests;
			sourceTree = "<group>";
		};
		1646CF7C2BCC12C500E1B0C6 /* RickAndMortyUITests */ = {
			isa = PBXGroup;
			children = (
				1646CF7D2BCC12C500E1B0C6 /* RickAndMortyUITests.swift */,
				1646CF7F2BCC12C500E1B0C6 /* RickAndMortyUITestsLaunchTests.swift */,
			);
			path = RickAndMortyUITests;
			sourceTree = "<group>";
		};
		1646CF8C2BCC15B800E1B0C6 /* Controllers */ = {
			isa = PBXGroup;
			children = (
				1646CF9A2BCC177800E1B0C6 /* Core */,
			);
			path = Controllers;
			sourceTree = "<group>";
		};
		1646CF8E2BCC15D500E1B0C6 /* Views */ = {
			isa = PBXGroup;
			children = (
			);
			path = Views;
			sourceTree = "<group>";
		};
		1646CF8F2BCC15DD00E1B0C6 /* Models */ = {
			isa = PBXGroup;
			children = (
				1646CF962BCC170C00E1B0C6 /* RMCharacter.swift */,
				1646CF942BCC16FF00E1B0C6 /* RMLocation.swift */,
				1646CF982BCC172000E1B0C6 /* RMEpisode.swift */,
				161705512BCC4774009EF29B /* RMOrigin.swift */,
				161705532BCC4873009EF29B /* RMSingleLocation.swift */,
				161705552BCC5110009EF29B /* RMCharacterStatus.swift */,
				161705572BCC51AD009EF29B /* RMCharacterGender.swift */,
			);
			path = Models;
			sourceTree = "<group>";
		};
		1646CF902BCC15EC00E1B0C6 /* ViewModels */ = {
			isa = PBXGroup;
			children = (
			);
			path = ViewModels;
			sourceTree = "<group>";
		};
		1646CF912BCC15FE00E1B0C6 /* APIClients */ = {
			isa = PBXGroup;
			children = (
				161E4FCB2BCC3B9B006F3AD8 /* RMService.swift */,
				161E4FCD2BCC3BAA006F3AD8 /* RMRequest.swift */,
				161E4FCF2BCC3C69006F3AD8 /* RMEndpoint.swift */,
			);
			path = APIClients;
			sourceTree = "<group>";
		};
		1646CF922BCC160900E1B0C6 /*  Managers */ = {
			isa = PBXGroup;
			children = (
			);
			path = " Managers";
			sourceTree = "<group>";
		};
		1646CF932BCC161200E1B0C6 /* Resources */ = {
			isa = PBXGroup;
			children = (
				1646CF652BCC12C500E1B0C6 /* Assets.xcassets */,
				1646CF672BCC12C500E1B0C6 /* LaunchScreen.storyboard */,
				1646CF5C2BCC12C300E1B0C6 /* AppDelegate.swift */,
				1646CF5E2BCC12C300E1B0C6 /* SceneDelegate.swift */,
			);
			path = Resources;
			sourceTree = "<group>";
		};
		1646CF9A2BCC177800E1B0C6 /* Core */ = {
			isa = PBXGroup;
			children = (
				1646CF602BCC12C300E1B0C6 /* RMTabViewController.swift */,
				1646CF9B2BCC17A700E1B0C6 /* RMCharacterViewController.swift */,
				1646CF9D2BCC17E400E1B0C6 /* RMLocationViewController.swift */,
				1646CF9F2BCC17EE00E1B0C6 /* RMEpisodeViewController.swift */,
				1646CFA12BCC17FB00E1B0C6 /* RMSettingsViewController.swift */,
			);
			path = Core;
			sourceTree = "<group>";
		};
/* End PBXGroup section */

/* Begin PBXNativeTarget section */
		1646CF582BCC12C300E1B0C6 /* RickAndMorty */ = {
			isa = PBXNativeTarget;
			buildConfigurationList = 1646CF832BCC12C500E1B0C6 /* Build configuration list for PBXNativeTarget "RickAndMorty" */;
			buildPhases = (
				1646CF552BCC12C300E1B0C6 /* Sources */,
				1646CF562BCC12C300E1B0C6 /* Frameworks */,
				1646CF572BCC12C300E1B0C6 /* Resources */,
			);
			buildRules = (
			);
			dependencies = (
			);
			name = RickAndMorty;
			productName = RickAndMorty;
			productReference = 1646CF592BCC12C300E1B0C6 /* RickAndMorty.app */;
			productType = "com.apple.product-type.application";
		};
		1646CF6E2BCC12C500E1B0C6 /* RickAndMortyTests */ = {
			isa = PBXNativeTarget;
			buildConfigurationList = 1646CF862BCC12C500E1B0C6 /* Build configuration list for PBXNativeTarget "RickAndMortyTests" */;
			buildPhases = (
				1646CF6B2BCC12C500E1B0C6 /* Sources */,
				1646CF6C2BCC12C500E1B0C6 /* Frameworks */,
				1646CF6D2BCC12C500E1B0C6 /* Resources */,
			);
			buildRules = (
			);
			dependencies = (
				1646CF712BCC12C500E1B0C6 /* PBXTargetDependency */,
			);
			name = RickAndMortyTests;
			productName = RickAndMortyTests;
			productReference = 1646CF6F2BCC12C500E1B0C6 /* RickAndMortyTests.xctest */;
			productType = "com.apple.product-type.bundle.unit-test";
		};
		1646CF782BCC12C500E1B0C6 /* RickAndMortyUITests */ = {
			isa = PBXNativeTarget;
			buildConfigurationList = 1646CF892BCC12C500E1B0C6 /* Build configuration list for PBXNativeTarget "RickAndMortyUITests" */;
			buildPhases = (
				1646CF752BCC12C500E1B0C6 /* Sources */,
				1646CF762BCC12C500E1B0C6 /* Frameworks */,
				1646CF772BCC12C500E1B0C6 /* Resources */,
			);
			buildRules = (
			);
			dependencies = (
				1646CF7B2BCC12C500E1B0C6 /* PBXTargetDependency */,
			);
			name = RickAndMortyUITests;
			productName = RickAndMortyUITests;
			productReference = 1646CF792BCC12C500E1B0C6 /* RickAndMortyUITests.xctest */;
			productType = "com.apple.product-type.bundle.ui-testing";
		};
/* End PBXNativeTarget section */

/* Begin PBXProject section */
		1646CF512BCC12C300E1B0C6 /* Project object */ = {
			isa = PBXProject;
			attributes = {
				BuildIndependentTargetsInParallel = 1;
				LastSwiftUpdateCheck = 1530;
				LastUpgradeCheck = 1530;
				TargetAttributes = {
					1646CF582BCC12C300E1B0C6 = {
						CreatedOnToolsVersion = 15.3;
					};
					1646CF6E2BCC12C500E1B0C6 = {
						CreatedOnToolsVersion = 15.3;
						TestTargetID = 1646CF582BCC12C300E1B0C6;
					};
					1646CF782BCC12C500E1B0C6 = {
						CreatedOnToolsVersion = 15.3;
						TestTargetID = 1646CF582BCC12C300E1B0C6;
					};
				};
			};
			buildConfigurationList = 1646CF542BCC12C300E1B0C6 /* Build configuration list for PBXProject "RickAndMorty" */;
			compatibilityVersion = "Xcode 14.0";
			developmentRegion = en;
			hasScannedForEncodings = 0;
			knownRegions = (
				en,
				Base,
			);
			mainGroup = 1646CF502BCC12C300E1B0C6;
			productRefGroup = 1646CF5A2BCC12C300E1B0C6 /* Products */;
			projectDirPath = "";
			projectRoot = "";
			targets = (
				1646CF582BCC12C300E1B0C6 /* RickAndMorty */,
				1646CF6E2BCC12C500E1B0C6 /* RickAndMortyTests */,
				1646CF782BCC12C500E1B0C6 /* RickAndMortyUITests */,
			);
		};
/* End PBXProject section */

/* Begin PBXResourcesBuildPhase section */
		1646CF572BCC12C300E1B0C6 /* Resources */ = {
			isa = PBXResourcesBuildPhase;
			buildActionMask = 2147483647;
			files = (
				1646CF662BCC12C500E1B0C6 /* Assets.xcassets in Resources */,
				1646CF692BCC12C500E1B0C6 /* Base in Resources */,
				1646CF642BCC12C300E1B0C6 /* Base in Resources */,
			);
			runOnlyForDeploymentPostprocessing = 0;
		};
		1646CF6D2BCC12C500E1B0C6 /* Resources */ = {
			isa = PBXResourcesBuildPhase;
			buildActionMask = 2147483647;
			files = (
			);
			runOnlyForDeploymentPostprocessing = 0;
		};
		1646CF772BCC12C500E1B0C6 /* Resources */ = {
			isa = PBXResourcesBuildPhase;
			buildActionMask = 2147483647;
			files = (
			);
			runOnlyForDeploymentPostprocessing = 0;
		};
/* End PBXResourcesBuildPhase section */

/* Begin PBXSourcesBuildPhase section */
		1646CF552BCC12C300E1B0C6 /* Sources */ = {
			isa = PBXSourcesBuildPhase;
			buildActionMask = 2147483647;
			files = (
				161705542BCC4873009EF29B /* RMSingleLocation.swift in Sources */,
				161705522BCC4774009EF29B /* RMOrigin.swift in Sources */,
				161705562BCC5110009EF29B /* RMCharacterStatus.swift in Sources */,
				161705582BCC51AD009EF29B /* RMCharacterGender.swift in Sources */,
				1646CF9E2BCC17E400E1B0C6 /* RMLocationViewController.swift in Sources */,
				1646CF992BCC172000E1B0C6 /* RMEpisode.swift in Sources */,
				1646CF612BCC12C300E1B0C6 /* RMTabViewController.swift in Sources */,
				1646CFA02BCC17EE00E1B0C6 /* RMEpisodeViewController.swift in Sources */,
				1646CF5D2BCC12C300E1B0C6 /* AppDelegate.swift in Sources */,
				1646CF5F2BCC12C300E1B0C6 /* SceneDelegate.swift in Sources */,
				1646CFA22BCC17FB00E1B0C6 /* RMSettingsViewController.swift in Sources */,
				161E4FCC2BCC3B9B006F3AD8 /* RMService.swift in Sources */,
				1646CF952BCC16FF00E1B0C6 /* RMLocation.swift in Sources */,
				161E4FD02BCC3C69006F3AD8 /* RMEndpoint.swift in Sources */,
				1646CF972BCC170C00E1B0C6 /* RMCharacter.swift in Sources */,
				161E4FCE2BCC3BAA006F3AD8 /* RMRequest.swift in Sources */,
				1646CF9C2BCC17A700E1B0C6 /* RMCharacterViewController.swift in Sources */,
			);
			runOnlyForDeploymentPostprocessing = 0;
		};
		1646CF6B2BCC12C500E1B0C6 /* Sources */ = {
			isa = PBXSourcesBuildPhase;
			buildActionMask = 2147483647;
			files = (
				1646CF742BCC12C500E1B0C6 /* RickAndMortyTests.swift in Sources */,
			);
			runOnlyForDeploymentPostprocessing = 0;
		};
		1646CF752BCC12C500E1B0C6 /* Sources */ = {
			isa = PBXSourcesBuildPhase;
			buildActionMask = 2147483647;
			files = (
				1646CF7E2BCC12C500E1B0C6 /* RickAndMortyUITests.swift in Sources */,
				1646CF802BCC12C500E1B0C6 /* RickAndMortyUITestsLaunchTests.swift in Sources */,
			);
			runOnlyForDeploymentPostprocessing = 0;
		};
/* End PBXSourcesBuildPhase section */

/* Begin PBXTargetDependency section */
		1646CF712BCC12C500E1B0C6 /* PBXTargetDependency */ = {
			isa = PBXTargetDependency;
			target = 1646CF582BCC12C300E1B0C6 /* RickAndMorty */;
			targetProxy = 1646CF702BCC12C500E1B0C6 /* PBXContainerItemProxy */;
		};
		1646CF7B2BCC12C500E1B0C6 /* PBXTargetDependency */ = {
			isa = PBXTargetDependency;
			target = 1646CF582BCC12C300E1B0C6 /* RickAndMorty */;
			targetProxy = 1646CF7A2BCC12C500E1B0C6 /* PBXContainerItemProxy */;
		};
/* End PBXTargetDependency section */

/* Begin PBXVariantGroup section */
		1646CF622BCC12C300E1B0C6 /* Main.storyboard */ = {
			isa = PBXVariantGroup;
			children = (
				1646CF632BCC12C300E1B0C6 /* Base */,
			);
			name = Main.storyboard;
			sourceTree = "<group>";
		};
		1646CF672BCC12C500E1B0C6 /* LaunchScreen.storyboard */ = {
			isa = PBXVariantGroup;
			children = (
				1646CF682BCC12C500E1B0C6 /* Base */,
			);
			name = LaunchScreen.storyboard;
			sourceTree = "<group>";
		};
/* End PBXVariantGroup section */

/* Begin XCBuildConfiguration section */
		1646CF812BCC12C500E1B0C6 /* Debug */ = {
			isa = XCBuildConfiguration;
			buildSettings = {
				ALWAYS_SEARCH_USER_PATHS = NO;
				ASSETCATALOG_COMPILER_GENERATE_SWIFT_ASSET_SYMBOL_EXTENSIONS = YES;
				CLANG_ANALYZER_NONNULL = YES;
				CLANG_ANALYZER_NUMBER_OBJECT_CONVERSION = YES_AGGRESSIVE;
				CLANG_CXX_LANGUAGE_STANDARD = "gnu++20";
				CLANG_ENABLE_MODULES = YES;
				CLANG_ENABLE_OBJC_ARC = YES;
				CLANG_ENABLE_OBJC_WEAK = YES;
				CLANG_WARN_BLOCK_CAPTURE_AUTORELEASING = YES;
				CLANG_WARN_BOOL_CONVERSION = YES;
				CLANG_WARN_COMMA = YES;
				CLANG_WARN_CONSTANT_CONVERSION = YES;
				CLANG_WARN_DEPRECATED_OBJC_IMPLEMENTATIONS = YES;
				CLANG_WARN_DIRECT_OBJC_ISA_USAGE = YES_ERROR;
				CLANG_WARN_DOCUMENTATION_COMMENTS = YES;
				CLANG_WARN_EMPTY_BODY = YES;
				CLANG_WARN_ENUM_CONVERSION = YES;
				CLANG_WARN_INFINITE_RECURSION = YES;
				CLANG_WARN_INT_CONVERSION = YES;
				CLANG_WARN_NON_LITERAL_NULL_CONVERSION = YES;
				CLANG_WARN_OBJC_IMPLICIT_RETAIN_SELF = YES;
				CLANG_WARN_OBJC_LITERAL_CONVERSION = YES;
				CLANG_WARN_OBJC_ROOT_CLASS = YES_ERROR;
				CLANG_WARN_QUOTED_INCLUDE_IN_FRAMEWORK_HEADER = YES;
				CLANG_WARN_RANGE_LOOP_ANALYSIS = YES;
				CLANG_WARN_STRICT_PROTOTYPES = YES;
				CLANG_WARN_SUSPICIOUS_MOVE = YES;
				CLANG_WARN_UNGUARDED_AVAILABILITY = YES_AGGRESSIVE;
				CLANG_WARN_UNREACHABLE_CODE = YES;
				CLANG_WARN__DUPLICATE_METHOD_MATCH = YES;
				COPY_PHASE_STRIP = NO;
				DEBUG_INFORMATION_FORMAT = dwarf;
				ENABLE_STRICT_OBJC_MSGSEND = YES;
				ENABLE_TESTABILITY = YES;
				ENABLE_USER_SCRIPT_SANDBOXING = YES;
				GCC_C_LANGUAGE_STANDARD = gnu17;
				GCC_DYNAMIC_NO_PIC = NO;
				GCC_NO_COMMON_BLOCKS = YES;
				GCC_OPTIMIZATION_LEVEL = 0;
				GCC_PREPROCESSOR_DEFINITIONS = (
					"DEBUG=1",
					"$(inherited)",
				);
				GCC_WARN_64_TO_32_BIT_CONVERSION = YES;
				GCC_WARN_ABOUT_RETURN_TYPE = YES_ERROR;
				GCC_WARN_UNDECLARED_SELECTOR = YES;
				GCC_WARN_UNINITIALIZED_AUTOS = YES_AGGRESSIVE;
				GCC_WARN_UNUSED_FUNCTION = YES;
				GCC_WARN_UNUSED_VARIABLE = YES;
				IPHONEOS_DEPLOYMENT_TARGET = 17.4;
				LOCALIZATION_PREFERS_STRING_CATALOGS = YES;
				MTL_ENABLE_DEBUG_INFO = INCLUDE_SOURCE;
				MTL_FAST_MATH = YES;
				ONLY_ACTIVE_ARCH = YES;
				SDKROOT = iphoneos;
				SWIFT_ACTIVE_COMPILATION_CONDITIONS = "DEBUG $(inherited)";
				SWIFT_OPTIMIZATION_LEVEL = "-Onone";
			};
			name = Debug;
		};
		1646CF822BCC12C500E1B0C6 /* Release */ = {
			isa = XCBuildConfiguration;
			buildSettings = {
				ALWAYS_SEARCH_USER_PATHS = NO;
				ASSETCATALOG_COMPILER_GENERATE_SWIFT_ASSET_SYMBOL_EXTENSIONS = YES;
				CLANG_ANALYZER_NONNULL = YES;
				CLANG_ANALYZER_NUMBER_OBJECT_CONVERSION = YES_AGGRESSIVE;
				CLANG_CXX_LANGUAGE_STANDARD = "gnu++20";
				CLANG_ENABLE_MODULES = YES;
				CLANG_ENABLE_OBJC_ARC = YES;
				CLANG_ENABLE_OBJC_WEAK = YES;
				CLANG_WARN_BLOCK_CAPTURE_AUTORELEASING = YES;
				CLANG_WARN_BOOL_CONVERSION = YES;
				CLANG_WARN_COMMA = YES;
				CLANG_WARN_CONSTANT_CONVERSION = YES;
				CLANG_WARN_DEPRECATED_OBJC_IMPLEMENTATIONS = YES;
				CLANG_WARN_DIRECT_OBJC_ISA_USAGE = YES_ERROR;
				CLANG_WARN_DOCUMENTATION_COMMENTS = YES;
				CLANG_WARN_EMPTY_BODY = YES;
				CLANG_WARN_ENUM_CONVERSION = YES;
				CLANG_WARN_INFINITE_RECURSION = YES;
				CLANG_WARN_INT_CONVERSION = YES;
				CLANG_WARN_NON_LITERAL_NULL_CONVERSION = YES;
				CLANG_WARN_OBJC_IMPLICIT_RETAIN_SELF = YES;
				CLANG_WARN_OBJC_LITERAL_CONVERSION = YES;
				CLANG_WARN_OBJC_ROOT_CLASS = YES_ERROR;
				CLANG_WARN_QUOTED_INCLUDE_IN_FRAMEWORK_HEADER = YES;
				CLANG_WARN_RANGE_LOOP_ANALYSIS = YES;
				CLANG_WARN_STRICT_PROTOTYPES = YES;
				CLANG_WARN_SUSPICIOUS_MOVE = YES;
				CLANG_WARN_UNGUARDED_AVAILABILITY = YES_AGGRESSIVE;
				CLANG_WARN_UNREACHABLE_CODE = YES;
				CLANG_WARN__DUPLICATE_METHOD_MATCH = YES;
				COPY_PHASE_STRIP = NO;
				DEBUG_INFORMATION_FORMAT = "dwarf-with-dsym";
				ENABLE_NS_ASSERTIONS = NO;
				ENABLE_STRICT_OBJC_MSGSEND = YES;
				ENABLE_USER_SCRIPT_SANDBOXING = YES;
				GCC_C_LANGUAGE_STANDARD = gnu17;
				GCC_NO_COMMON_BLOCKS = YES;
				GCC_WARN_64_TO_32_BIT_CONVERSION = YES;
				GCC_WARN_ABOUT_RETURN_TYPE = YES_ERROR;
				GCC_WARN_UNDECLARED_SELECTOR = YES;
				GCC_WARN_UNINITIALIZED_AUTOS = YES_AGGRESSIVE;
				GCC_WARN_UNUSED_FUNCTION = YES;
				GCC_WARN_UNUSED_VARIABLE = YES;
				IPHONEOS_DEPLOYMENT_TARGET = 17.4;
				LOCALIZATION_PREFERS_STRING_CATALOGS = YES;
				MTL_ENABLE_DEBUG_INFO = NO;
				MTL_FAST_MATH = YES;
				SDKROOT = iphoneos;
				SWIFT_COMPILATION_MODE = wholemodule;
				VALIDATE_PRODUCT = YES;
			};
			name = Release;
		};
		1646CF842BCC12C500E1B0C6 /* Debug */ = {
			isa = XCBuildConfiguration;
			buildSettings = {
				ASSETCATALOG_COMPILER_APPICON_NAME = AppIcon;
				ASSETCATALOG_COMPILER_GLOBAL_ACCENT_COLOR_NAME = AccentColor;
				CODE_SIGN_STYLE = Automatic;
				CURRENT_PROJECT_VERSION = 1;
				GENERATE_INFOPLIST_FILE = YES;
				INFOPLIST_FILE = RickAndMorty/Info.plist;
				INFOPLIST_KEY_UIApplicationSupportsIndirectInputEvents = YES;
				INFOPLIST_KEY_UILaunchStoryboardName = LaunchScreen;
				INFOPLIST_KEY_UISupportedInterfaceOrientations_iPad = "UIInterfaceOrientationPortrait UIInterfaceOrientationPortraitUpsideDown UIInterfaceOrientationLandscapeLeft UIInterfaceOrientationLandscapeRight";
				INFOPLIST_KEY_UISupportedInterfaceOrientations_iPhone = "UIInterfaceOrientationPortrait UIInterfaceOrientationLandscapeLeft UIInterfaceOrientationLandscapeRight";
				LD_RUNPATH_SEARCH_PATHS = (
					"$(inherited)",
					"@executable_path/Frameworks",
				);
				MARKETING_VERSION = 1.0;
				PRODUCT_BUNDLE_IDENTIFIER = louid.RickAndMorty;
				PRODUCT_NAME = "$(TARGET_NAME)";
				SWIFT_EMIT_LOC_STRINGS = YES;
				SWIFT_VERSION = 5.0;
				TARGETED_DEVICE_FAMILY = "1,2";
			};
			name = Debug;
		};
		1646CF852BCC12C500E1B0C6 /* Release */ = {
			isa = XCBuildConfiguration;
			buildSettings = {
				ASSETCATALOG_COMPILER_APPICON_NAME = AppIcon;
				ASSETCATALOG_COMPILER_GLOBAL_ACCENT_COLOR_NAME = AccentColor;
				CODE_SIGN_STYLE = Automatic;
				CURRENT_PROJECT_VERSION = 1;
				GENERATE_INFOPLIST_FILE = YES;
				INFOPLIST_FILE = RickAndMorty/Info.plist;
				INFOPLIST_KEY_UIApplicationSupportsIndirectInputEvents = YES;
				INFOPLIST_KEY_UILaunchStoryboardName = LaunchScreen;
				INFOPLIST_KEY_UISupportedInterfaceOrientations_iPad = "UIInterfaceOrientationPortrait UIInterfaceOrientationPortraitUpsideDown UIInterfaceOrientationLandscapeLeft UIInterfaceOrientationLandscapeRight";
				INFOPLIST_KEY_UISupportedInterfaceOrientations_iPhone = "UIInterfaceOrientationPortrait UIInterfaceOrientationLandscapeLeft UIInterfaceOrientationLandscapeRight";
				LD_RUNPATH_SEARCH_PATHS = (
					"$(inherited)",
					"@executable_path/Frameworks",
				);
				MARKETING_VERSION = 1.0;
				PRODUCT_BUNDLE_IDENTIFIER = louid.RickAndMorty;
				PRODUCT_NAME = "$(TARGET_NAME)";
				SWIFT_EMIT_LOC_STRINGS = YES;
				SWIFT_VERSION = 5.0;
				TARGETED_DEVICE_FAMILY = "1,2";
			};
			name = Release;
		};
		1646CF872BCC12C500E1B0C6 /* Debug */ = {
			isa = XCBuildConfiguration;
			buildSettings = {
				ALWAYS_EMBED_SWIFT_STANDARD_LIBRARIES = YES;
				BUNDLE_LOADER = "$(TEST_HOST)";
				CODE_SIGN_STYLE = Automatic;
				CURRENT_PROJECT_VERSION = 1;
				GENERATE_INFOPLIST_FILE = YES;
				IPHONEOS_DEPLOYMENT_TARGET = 17.4;
				MARKETING_VERSION = 1.0;
				PRODUCT_BUNDLE_IDENTIFIER = louid.RickAndMortyTests;
				PRODUCT_NAME = "$(TARGET_NAME)";
				SWIFT_EMIT_LOC_STRINGS = NO;
				SWIFT_VERSION = 5.0;
				TARGETED_DEVICE_FAMILY = "1,2";
				TEST_HOST = "$(BUILT_PRODUCTS_DIR)/RickAndMorty.app/$(BUNDLE_EXECUTABLE_FOLDER_PATH)/RickAndMorty";
			};
			name = Debug;
		};
		1646CF882BCC12C500E1B0C6 /* Release */ = {
			isa = XCBuildConfiguration;
			buildSettings = {
				ALWAYS_EMBED_SWIFT_STANDARD_LIBRARIES = YES;
				BUNDLE_LOADER = "$(TEST_HOST)";
				CODE_SIGN_STYLE = Automatic;
				CURRENT_PROJECT_VERSION = 1;
				GENERATE_INFOPLIST_FILE = YES;
				IPHONEOS_DEPLOYMENT_TARGET = 17.4;
				MARKETING_VERSION = 1.0;
				PRODUCT_BUNDLE_IDENTIFIER = louid.RickAndMortyTests;
				PRODUCT_NAME = "$(TARGET_NAME)";
				SWIFT_EMIT_LOC_STRINGS = NO;
				SWIFT_VERSION = 5.0;
				TARGETED_DEVICE_FAMILY = "1,2";
				TEST_HOST = "$(BUILT_PRODUCTS_DIR)/RickAndMorty.app/$(BUNDLE_EXECUTABLE_FOLDER_PATH)/RickAndMorty";
			};
			name = Release;
		};
		1646CF8A2BCC12C500E1B0C6 /* Debug */ = {
			isa = XCBuildConfiguration;
			buildSettings = {
				ALWAYS_EMBED_SWIFT_STANDARD_LIBRARIES = YES;
				CODE_SIGN_STYLE = Automatic;
				CURRENT_PROJECT_VERSION = 1;
				GENERATE_INFOPLIST_FILE = YES;
				MARKETING_VERSION = 1.0;
				PRODUCT_BUNDLE_IDENTIFIER = louid.RickAndMortyUITests;
				PRODUCT_NAME = "$(TARGET_NAME)";
				SWIFT_EMIT_LOC_STRINGS = NO;
				SWIFT_VERSION = 5.0;
				TARGETED_DEVICE_FAMILY = "1,2";
				TEST_TARGET_NAME = RickAndMorty;
			};
			name = Debug;
		};
		1646CF8B2BCC12C500E1B0C6 /* Release */ = {
			isa = XCBuildConfiguration;
			buildSettings = {
				ALWAYS_EMBED_SWIFT_STANDARD_LIBRARIES = YES;
				CODE_SIGN_STYLE = Automatic;
				CURRENT_PROJECT_VERSION = 1;
				GENERATE_INFOPLIST_FILE = YES;
				MARKETING_VERSION = 1.0;
				PRODUCT_BUNDLE_IDENTIFIER = louid.RickAndMortyUITests;
				PRODUCT_NAME = "$(TARGET_NAME)";
				SWIFT_EMIT_LOC_STRINGS = NO;
				SWIFT_VERSION = 5.0;
				TARGETED_DEVICE_FAMILY = "1,2";
				TEST_TARGET_NAME = RickAndMorty;
			};
			name = Release;
		};
/* End XCBuildConfiguration section */

/* Begin XCConfigurationList section */
		1646CF542BCC12C300E1B0C6 /* Build configuration list for PBXProject "RickAndMorty" */ = {
			isa = XCConfigurationList;
			buildConfigurations = (
				1646CF812BCC12C500E1B0C6 /* Debug */,
				1646CF822BCC12C500E1B0C6 /* Release */,
			);
			defaultConfigurationIsVisible = 0;
			defaultConfigurationName = Release;
		};
		1646CF832BCC12C500E1B0C6 /* Build configuration list for PBXNativeTarget "RickAndMorty" */ = {
			isa = XCConfigurationList;
			buildConfigurations = (
				1646CF842BCC12C500E1B0C6 /* Debug */,
				1646CF852BCC12C500E1B0C6 /* Release */,
			);
			defaultConfigurationIsVisible = 0;
			defaultConfigurationName = Release;
		};
		1646CF862BCC12C500E1B0C6 /* Build configuration list for PBXNativeTarget "RickAndMortyTests" */ = {
			isa = XCConfigurationList;
			buildConfigurations = (
				1646CF872BCC12C500E1B0C6 /* Debug */,
				1646CF882BCC12C500E1B0C6 /* Release */,
			);
			defaultConfigurationIsVisible = 0;
			defaultConfigurationName = Release;
		};
		1646CF892BCC12C500E1B0C6 /* Build configuration list for PBXNativeTarget "RickAndMortyUITests" */ = {
			isa = XCConfigurationList;
			buildConfigurations = (
				1646CF8A2BCC12C500E1B0C6 /* Debug */,
				1646CF8B2BCC12C500E1B0C6 /* Release */,
			);
			defaultConfigurationIsVisible = 0;
			defaultConfigurationName = Release;
		};
/* End XCConfigurationList section */
	};
	rootObject = 1646CF512BCC12C300E1B0C6 /* Project object */;
}
